
Microsoft Visual Studio Solution File, Format Version 12.00
# Visual Studio Version 17
VisualStudioVersion = 17.14.36202.13 d17.14
MinimumVisualStudioVersion = 10.0.40219.1
Project("{FAE04EC0-301F-11D3-BF4B-00C04F79EFBC}") = "Sandbox.API", "Sandbox.API\Sandbox.API.csproj", "{017FBB74-250C-4BDB-BD7D-D2C9A1ACD0FD}"
EndProject
Global
	GlobalSection(SolutionConfigurationPlatforms) = preSolution
		Debug|Any CPU = Debug|Any CPU
		Release|Any CPU = Release|Any CPU
	EndGlobalSection
	GlobalSection(ProjectConfigurationPlatforms) = postSolution
		{017FBB74-250C-4BDB-BD7D-D2C9A1ACD0FD}.Debug|Any CPU.ActiveCfg = Debug|Any CPU
		{017FBB74-250C-4BDB-BD7D-D2C9A1ACD0FD}.Debug|Any CPU.Build.0 = Debug|Any CPU
		{017FBB74-250C-4BDB-BD7D-D2C9A1ACD0FD}.Release|Any CPU.ActiveCfg = Release|Any CPU
		{017FBB74-250C-4BDB-BD7D-D2C9A1ACD0FD}.Release|Any CPU.Build.0 = Release|Any CPU
	EndGlobalSection
	GlobalSection(SolutionProperties) = preSolution
		HideSolutionNode = FALSE
	EndGlobalSection
	GlobalSection(ExtensibilityGlobals) = postSolution
		SolutionGuid = {92F7B38F-9E7E-4836-BFC5-03107C1D21CC}
	EndGlobalSection
EndGlobal
